
Microsoft Visual Studio Solution File, Format Version 12.00
# Visual Studio Version 17
VisualStudioVersion = 17.6.33723.286
MinimumVisualStudioVersion = 10.0.40219.1
Project("{FAE04EC0-301F-11D3-BF4B-00C04F79EFBC}") = "SHOP", "SHOP.csproj", "{7DE850CD-085B-473C-9E5F-195AC282D97D}"
EndProject
Project("{FAE04EC0-301F-11D3-BF4B-00C04F79EFBC}") = "DbaseTest", "..\DbaseTest\DbaseTest.csproj", "{2CE218C9-465D-468E-9164-EDAC2AD59F5D}"
EndProject
Global
	GlobalSection(SolutionConfigurationPlatforms) = preSolution
		Debug|Any CPU = Debug|Any CPU
		Release|Any CPU = Release|Any CPU
	EndGlobalSection
	GlobalSection(ProjectConfigurationPlatforms) = postSolution
		{7DE850CD-085B-473C-9E5F-195AC282D97D}.Debug|Any CPU.ActiveCfg = Debug|Any CPU
		{7DE850CD-085B-473C-9E5F-195AC282D97D}.Debug|Any CPU.Build.0 = Debug|Any CPU
		{7DE850CD-085B-473C-9E5F-195AC282D97D}.Release|Any CPU.ActiveCfg = Release|Any CPU
		{7DE850CD-085B-473C-9E5F-195AC282D97D}.Release|Any CPU.Build.0 = Release|Any CPU
		{2CE218C9-465D-468E-9164-EDAC2AD59F5D}.Debug|Any CPU.ActiveCfg = Debug|Any CPU
		{2CE218C9-465D-468E-9164-EDAC2AD59F5D}.Debug|Any CPU.Build.0 = Debug|Any CPU
		{2CE218C9-465D-468E-9164-EDAC2AD59F5D}.Release|Any CPU.ActiveCfg = Release|Any CPU
		{2CE218C9-465D-468E-9164-EDAC2AD59F5D}.Release|Any CPU.Build.0 = Release|Any CPU
	EndGlobalSection
	GlobalSection(SolutionProperties) = preSolution
		HideSolutionNode = FALSE
	EndGlobalSection
	GlobalSection(ExtensibilityGlobals) = postSolution
		SolutionGuid = {88B1A746-D99F-4497-B780-F4A35533247D}
	EndGlobalSection
EndGlobal
